
Microsoft Visual Studio Solution File, Format Version 12.00
# Visual Studio Version 16
VisualStudioVersion = 16.0.29609.76
MinimumVisualStudioVersion = 10.0.40219.1
Project("{FAE04EC0-301F-11D3-BF4B-00C04F79EFBC}") = "MyTestProject", "MyTestProject\MyTestProject.csproj", "{B9BF106E-7AE6-4441-A788-CDD6915E108E}"
EndProject
Global
	GlobalSection(SolutionConfigurationPlatforms) = preSolution
		Debug|Any CPU = Debug|Any CPU
		Release|Any CPU = Release|Any CPU
	EndGlobalSection
	GlobalSection(ProjectConfigurationPlatforms) = postSolution
		{B9BF106E-7AE6-4441-A788-CDD6915E108E}.Debug|Any CPU.ActiveCfg = Debug|Any CPU
		{B9BF106E-7AE6-4441-A788-CDD6915E108E}.Debug|Any CPU.Build.0 = Debug|Any CPU
		{B9BF106E-7AE6-4441-A788-CDD6915E108E}.Release|Any CPU.ActiveCfg = Release|Any CPU
		{B9BF106E-7AE6-4441-A788-CDD6915E108E}.Release|Any CPU.Build.0 = Release|Any CPU
	EndGlobalSection
	GlobalSection(SolutionProperties) = preSolution
		HideSolutionNode = FALSE
	EndGlobalSection
	GlobalSection(ExtensibilityGlobals) = postSolution
		SolutionGuid = {8556F18F-F96E-4D4C-9E06-CA0AC6831735}
	EndGlobalSection
EndGlobal
